
Microsoft Visual Studio Solution File, Format Version 12.00
# Visual Studio Version 16
VisualStudioVersion = 16.0.30621.155
MinimumVisualStudioVersion = 10.0.40219.1
Project("{FAE04EC0-301F-11D3-BF4B-00C04F79EFBC}") = "WPFZad4", "WPFZad4\WPFZad4.csproj", "{FAF9B174-52B9-4E97-89EF-ED5EA5C1A593}"
EndProject
Global
	GlobalSection(SolutionConfigurationPlatforms) = preSolution
		Debug|Any CPU = Debug|Any CPU
		Release|Any CPU = Release|Any CPU
	EndGlobalSection
	GlobalSection(ProjectConfigurationPlatforms) = postSolution
		{FAF9B174-52B9-4E97-89EF-ED5EA5C1A593}.Debug|Any CPU.ActiveCfg = Debug|Any CPU
		{FAF9B174-52B9-4E97-89EF-ED5EA5C1A593}.Debug|Any CPU.Build.0 = Debug|Any CPU
		{FAF9B174-52B9-4E97-89EF-ED5EA5C1A593}.Release|Any CPU.ActiveCfg = Release|Any CPU
		{FAF9B174-52B9-4E97-89EF-ED5EA5C1A593}.Release|Any CPU.Build.0 = Release|Any CPU
	EndGlobalSection
	GlobalSection(SolutionProperties) = preSolution
		HideSolutionNode = FALSE
	EndGlobalSection
	GlobalSection(ExtensibilityGlobals) = postSolution
		SolutionGuid = {E31FE88D-F17B-4E03-9A57-9759E71E2B50}
	EndGlobalSection
EndGlobal
